
Microsoft Visual Studio Solution File, Format Version 12.00
# Visual Studio Version 17
VisualStudioVersion = 17.14.36310.24
MinimumVisualStudioVersion = 10.0.40219.1
Project("{FAE04EC0-301F-11D3-BF4B-00C04F79EFBC}") = "StoreFlow", "StoreFlow\StoreFlow.csproj", "{C39E4703-88B6-413F-94EE-F4E900460B30}"
EndProject
Global
	GlobalSection(SolutionConfigurationPlatforms) = preSolution
		Debug|Any CPU = Debug|Any CPU
		Release|Any CPU = Release|Any CPU
	EndGlobalSection
	GlobalSection(ProjectConfigurationPlatforms) = postSolution
		{C39E4703-88B6-413F-94EE-F4E900460B30}.Debug|Any CPU.ActiveCfg = Debug|Any CPU
		{C39E4703-88B6-413F-94EE-F4E900460B30}.Debug|Any CPU.Build.0 = Debug|Any CPU
		{C39E4703-88B6-413F-94EE-F4E900460B30}.Release|Any CPU.ActiveCfg = Release|Any CPU
		{C39E4703-88B6-413F-94EE-F4E900460B30}.Release|Any CPU.Build.0 = Release|Any CPU
	EndGlobalSection
	GlobalSection(SolutionProperties) = preSolution
		HideSolutionNode = FALSE
	EndGlobalSection
	GlobalSection(ExtensibilityGlobals) = postSolution
		SolutionGuid = {72B0454E-DAFF-426C-BFE0-098AE3968EFB}
	EndGlobalSection
EndGlobal
